// !$*UTF8*$!
{
	archiveVersion = 1;
	classes = {
	};
	objectVersion = 46;
	objects = {

/* Begin PBXBuildFile section */
		1413AB1E1AA8975C000EE7B1 /* icon-forDefault@2x.png in Resources */ = {isa = PBXBuildFile; fileRef = 1413AB1C1AA8975C000EE7B1 /* icon-forDefault@2x.png */; };
		1413AB1F1AA8975C000EE7B1 /* icon-forDefault@3x.png in Resources */ = {isa = PBXBuildFile; fileRef = 1413AB1D1AA8975C000EE7B1 /* icon-forDefault@3x.png */; };
		1480CFB51AA9EF3800F6B051 /* PhotosUI.framework in Frameworks */ = {isa = PBXBuildFile; fileRef = 1480CFB41AA9EF3800F6B051 /* PhotosUI.framework */; };
		1480CFB71AA9EF3800F6B051 /* Photos.framework in Frameworks */ = {isa = PBXBuildFile; fileRef = 1480CFB61AA9EF3800F6B051 /* Photos.framework */; };
		1480CFBC1AA9EF3800F6B051 /* PERPhotoEditingViewController.swift in Sources */ = {isa = PBXBuildFile; fileRef = 1480CFBB1AA9EF3800F6B051 /* PERPhotoEditingViewController.swift */; };
		1480CFBE1AA9EF3800F6B051 /* MainInterface.storyboard in Resources */ = {isa = PBXBuildFile; fileRef = 1480CFBD1AA9EF3800F6B051 /* MainInterface.storyboard */; };
		1480CFC11AA9EF3800F6B051 /* PeResizeExt.appex in Embed App Extensions */ = {isa = PBXBuildFile; fileRef = 1480CFB21AA9EF3800F6B051 /* PeResizeExt.appex */; settings = {ATTRIBUTES = (RemoveHeadersOnCopy, ); }; };
		14B3451E1A907D560025F307 /* PERAppDelegate.swift in Sources */ = {isa = PBXBuildFile; fileRef = 14B3451D1A907D560025F307 /* PERAppDelegate.swift */; };
		14B345231A907D560025F307 /* Main.storyboard in Resources */ = {isa = PBXBuildFile; fileRef = 14B345211A907D560025F307 /* Main.storyboard */; };
		14B345251A907D560025F307 /* Images.xcassets in Resources */ = {isa = PBXBuildFile; fileRef = 14B345241A907D560025F307 /* Images.xcassets */; };
		14B345281A907D560025F307 /* LaunchScreen.xib in Resources */ = {isa = PBXBuildFile; fileRef = 14B345261A907D560025F307 /* LaunchScreen.xib */; };
		14B345341A907D560025F307 /* PeResizeTests.swift in Sources */ = {isa = PBXBuildFile; fileRef = 14B345331A907D560025F307 /* PeResizeTests.swift */; };
		14C1703B1AA748D8003A088F /* PERIconView.swift in Sources */ = {isa = PBXBuildFile; fileRef = 14C170381AA748D8003A088F /* PERIconView.swift */; };
		14C1703C1AA748D8003A088F /* PERIconViewController.swift in Sources */ = {isa = PBXBuildFile; fileRef = 14C170391AA748D8003A088F /* PERIconViewController.swift */; };
		14C1703D1AA748D8003A088F /* PERViewController.swift in Sources */ = {isa = PBXBuildFile; fileRef = 14C1703A1AA748D8003A088F /* PERViewController.swift */; };
/* End PBXBuildFile section */

/* Begin PBXContainerItemProxy section */
		1480CFBF1AA9EF3800F6B051 /* PBXContainerItemProxy */ = {
			isa = PBXContainerItemProxy;
			containerPortal = 14B345101A907D560025F307 /* Project object */;
			proxyType = 1;
			remoteGlobalIDString = 1480CFB11AA9EF3800F6B051;
			remoteInfo = PeResizeExt;
		};
		14B3452E1A907D560025F307 /* PBXContainerItemProxy */ = {
			isa = PBXContainerItemProxy;
			containerPortal = 14B345101A907D560025F307 /* Project object */;
			proxyType = 1;
			remoteGlobalIDString = 14B345171A907D560025F307;
			remoteInfo = PeResize;
		};
/* End PBXContainerItemProxy section */

/* Begin PBXCopyFilesBuildPhase section */
		1480CFC51AA9EF3800F6B051 /* Embed App Extensions */ = {
			isa = PBXCopyFilesBuildPhase;
			buildActionMask = 2147483647;
			dstPath = "";
			dstSubfolderSpec = 13;
			files = (
				1480CFC11AA9EF3800F6B051 /* PeResizeExt.appex in Embed App Extensions */,
			);
			name = "Embed App Extensions";
			runOnlyForDeploymentPostprocessing = 0;
		};
/* End PBXCopyFilesBuildPhase section */

/* Begin PBXFileReference section */
		1413AB1C1AA8975C000EE7B1 /* icon-forDefault@2x.png */ = {isa = PBXFileReference; lastKnownFileType = image.png; path = "icon-forDefault@2x.png"; sourceTree = "<group>"; };
		1413AB1D1AA8975C000EE7B1 /* icon-forDefault@3x.png */ = {isa = PBXFileReference; lastKnownFileType = image.png; path = "icon-forDefault@3x.png"; sourceTree = "<group>"; };
		1480CFB21AA9EF3800F6B051 /* PeResizeExt.appex */ = {isa = PBXFileReference; explicitFileType = "wrapper.app-extension"; includeInIndex = 0; path = PeResizeExt.appex; sourceTree = BUILT_PRODUCTS_DIR; };
		1480CFB41AA9EF3800F6B051 /* PhotosUI.framework */ = {isa = PBXFileReference; lastKnownFileType = wrapper.framework; name = PhotosUI.framework; path = System/Library/Frameworks/PhotosUI.framework; sourceTree = SDKROOT; };
		1480CFB61AA9EF3800F6B051 /* Photos.framework */ = {isa = PBXFileReference; lastKnownFileType = wrapper.framework; name = Photos.framework; path = System/Library/Frameworks/Photos.framework; sourceTree = SDKROOT; };
		1480CFBA1AA9EF3800F6B051 /* Info.plist */ = {isa = PBXFileReference; lastKnownFileType = text.plist.xml; path = Info.plist; sourceTree = "<group>"; };
		1480CFBB1AA9EF3800F6B051 /* PERPhotoEditingViewController.swift */ = {isa = PBXFileReference; lastKnownFileType = sourcecode.swift; path = PERPhotoEditingViewController.swift; sourceTree = "<group>"; };
		1480CFBD1AA9EF3800F6B051 /* MainInterface.storyboard */ = {isa = PBXFileReference; lastKnownFileType = file.storyboard; path = MainInterface.storyboard; sourceTree = "<group>"; };
		14B345181A907D560025F307 /* PeResize.app */ = {isa = PBXFileReference; explicitFileType = wrapper.application; includeInIndex = 0; path = PeResize.app; sourceTree = BUILT_PRODUCTS_DIR; };
		14B3451C1A907D560025F307 /* Info.plist */ = {isa = PBXFileReference; lastKnownFileType = text.plist.xml; path = Info.plist; sourceTree = "<group>"; };
		14B3451D1A907D560025F307 /* PERAppDelegate.swift */ = {isa = PBXFileReference; lastKnownFileType = sourcecode.swift; path = PERAppDelegate.swift; sourceTree = "<group>"; };
		14B345221A907D560025F307 /* Base */ = {isa = PBXFileReference; lastKnownFileType = file.storyboard; name = Base; path = Base.lproj/Main.storyboard; sourceTree = "<group>"; };
		14B345241A907D560025F307 /* Images.xcassets */ = {isa = PBXFileReference; lastKnownFileType = folder.assetcatalog; path = Images.xcassets; sourceTree = "<group>"; };
		14B345271A907D560025F307 /* Base */ = {isa = PBXFileReference; lastKnownFileType = file.xib; name = Base; path = Base.lproj/LaunchScreen.xib; sourceTree = "<group>"; };
		14B3452D1A907D560025F307 /* PeResizeTests.xctest */ = {isa = PBXFileReference; explicitFileType = wrapper.cfbundle; includeInIndex = 0; path = PeResizeTests.xctest; sourceTree = BUILT_PRODUCTS_DIR; };
		14B345321A907D560025F307 /* Info.plist */ = {isa = PBXFileReference; lastKnownFileType = text.plist.xml; path = Info.plist; sourceTree = "<group>"; };
		14B345331A907D560025F307 /* PeResizeTests.swift */ = {isa = PBXFileReference; lastKnownFileType = sourcecode.swift; path = PeResizeTests.swift; sourceTree = "<group>"; };
		14C170381AA748D8003A088F /* PERIconView.swift */ = {isa = PBXFileReference; fileEncoding = 4; lastKnownFileType = sourcecode.swift; path = PERIconView.swift; sourceTree = "<group>"; };
		14C170391AA748D8003A088F /* PERIconViewController.swift */ = {isa = PBXFileReference; fileEncoding = 4; lastKnownFileType = sourcecode.swift; path = PERIconViewController.swift; sourceTree = "<group>"; };
		14C1703A1AA748D8003A088F /* PERViewController.swift */ = {isa = PBXFileReference; fileEncoding = 4; lastKnownFileType = sourcecode.swift; path = PERViewController.swift; sourceTree = "<group>"; };
/* End PBXFileReference section */

/* Begin PBXFrameworksBuildPhase section */
		1480CFAF1AA9EF3800F6B051 /* Frameworks */ = {
			isa = PBXFrameworksBuildPhase;
			buildActionMask = 2147483647;
			files = (
				1480CFB51AA9EF3800F6B051 /* PhotosUI.framework in Frameworks */,
				1480CFB71AA9EF3800F6B051 /* Photos.framework in Frameworks */,
			);
			runOnlyForDeploymentPostprocessing = 0;
		};
		14B345151A907D560025F307 /* Frameworks */ = {
			isa = PBXFrameworksBuildPhase;
			buildActionMask = 2147483647;
			files = (
			);
			runOnlyForDeploymentPostprocessing = 0;
		};
		14B3452A1A907D560025F307 /* Frameworks */ = {
			isa = PBXFrameworksBuildPhase;
			buildActionMask = 2147483647;
			files = (
			);
			runOnlyForDeploymentPostprocessing = 0;
		};
/* End PBXFrameworksBuildPhase section */

/* Begin PBXGroup section */
		1413AB1B1AA8975C000EE7B1 /* Resources */ = {
			isa = PBXGroup;
			children = (
				1413AB1C1AA8975C000EE7B1 /* icon-forDefault@2x.png */,
				1413AB1D1AA8975C000EE7B1 /* icon-forDefault@3x.png */,
			);
			path = Resources;
			sourceTree = "<group>";
		};
		1480CFB31AA9EF3800F6B051 /* Frameworks */ = {
			isa = PBXGroup;
			children = (
				1480CFB41AA9EF3800F6B051 /* PhotosUI.framework */,
				1480CFB61AA9EF3800F6B051 /* Photos.framework */,
			);
			name = Frameworks;
			sourceTree = "<group>";
		};
		1480CFB81AA9EF3800F6B051 /* PeResizeExt */ = {
			isa = PBXGroup;
			children = (
				1480CFBB1AA9EF3800F6B051 /* PERPhotoEditingViewController.swift */,
				1480CFBD1AA9EF3800F6B051 /* MainInterface.storyboard */,
				1480CFB91AA9EF3800F6B051 /* Supporting Files */,
			);
			path = PeResizeExt;
			sourceTree = SOURCE_ROOT;
		};
		1480CFB91AA9EF3800F6B051 /* Supporting Files */ = {
			isa = PBXGroup;
			children = (
				1480CFBA1AA9EF3800F6B051 /* Info.plist */,
			);
			name = "Supporting Files";
			sourceTree = "<group>";
		};
		14B3450F1A907D560025F307 = {
			isa = PBXGroup;
			children = (
				14B3451A1A907D560025F307 /* PeResize */,
				1480CFB81AA9EF3800F6B051 /* PeResizeExt */,
				14B345301A907D560025F307 /* PeResizeTests */,
				1480CFB31AA9EF3800F6B051 /* Frameworks */,
				14B345191A907D560025F307 /* Products */,
			);
			sourceTree = "<group>";
		};
		14B345191A907D560025F307 /* Products */ = {
			isa = PBXGroup;
			children = (
				14B345181A907D560025F307 /* PeResize.app */,
				14B3452D1A907D560025F307 /* PeResizeTests.xctest */,
				1480CFB21AA9EF3800F6B051 /* PeResizeExt.appex */,
			);
			name = Products;
			sourceTree = "<group>";
		};
		14B3451A1A907D560025F307 /* PeResize */ = {
			isa = PBXGroup;
			children = (
				14B345211A907D560025F307 /* Main.storyboard */,
				14B3451D1A907D560025F307 /* PERAppDelegate.swift */,
				14C1703A1AA748D8003A088F /* PERViewController.swift */,
				14C170391AA748D8003A088F /* PERIconViewController.swift */,
				14C170381AA748D8003A088F /* PERIconView.swift */,
				14B345241A907D560025F307 /* Images.xcassets */,
				14B345261A907D560025F307 /* LaunchScreen.xib */,
				1413AB1B1AA8975C000EE7B1 /* Resources */,
				14B3451B1A907D560025F307 /* Supporting Files */,
			);
			path = PeResize;
			sourceTree = "<group>";
		};
		14B3451B1A907D560025F307 /* Supporting Files */ = {
			isa = PBXGroup;
			children = (
				14B3451C1A907D560025F307 /* Info.plist */,
			);
			name = "Supporting Files";
			sourceTree = "<group>";
		};
		14B345301A907D560025F307 /* PeResizeTests */ = {
			isa = PBXGroup;
			children = (
				14B345331A907D560025F307 /* PeResizeTests.swift */,
				14B345311A907D560025F307 /* Supporting Files */,
			);
			path = PeResizeTests;
			sourceTree = "<group>";
		};
		14B345311A907D560025F307 /* Supporting Files */ = {
			isa = PBXGroup;
			children = (
				14B345321A907D560025F307 /* Info.plist */,
			);
			name = "Supporting Files";
			sourceTree = "<group>";
		};
/* End PBXGroup section */

/* Begin PBXNativeTarget section */
		1480CFB11AA9EF3800F6B051 /* PeResizeExt */ = {
			isa = PBXNativeTarget;
			buildConfigurationList = 1480CFC41AA9EF3800F6B051 /* Build configuration list for PBXNativeTarget "PeResizeExt" */;
			buildPhases = (
				1480CFAE1AA9EF3800F6B051 /* Sources */,
				1480CFAF1AA9EF3800F6B051 /* Frameworks */,
				1480CFB01AA9EF3800F6B051 /* Resources */,
			);
			buildRules = (
			);
			dependencies = (
			);
			name = PeResizeExt;
			productName = PeResizeExt;
			productReference = 1480CFB21AA9EF3800F6B051 /* PeResizeExt.appex */;
			productType = "com.apple.product-type.app-extension";
		};
		14B345171A907D560025F307 /* PeResize */ = {
			isa = PBXNativeTarget;
			buildConfigurationList = 14B345371A907D560025F307 /* Build configuration list for PBXNativeTarget "PeResize" */;
			buildPhases = (
				14B345141A907D560025F307 /* Sources */,
				14B345151A907D560025F307 /* Frameworks */,
				14B345161A907D560025F307 /* Resources */,
				1480CFC51AA9EF3800F6B051 /* Embed App Extensions */,
			);
			buildRules = (
			);
			dependencies = (
				1480CFC01AA9EF3800F6B051 /* PBXTargetDependency */,
			);
			name = PeResize;
			productName = PeResize;
			productReference = 14B345181A907D560025F307 /* PeResize.app */;
			productType = "com.apple.product-type.application";
		};
		14B3452C1A907D560025F307 /* PeResizeTests */ = {
			isa = PBXNativeTarget;
			buildConfigurationList = 14B3453A1A907D560025F307 /* Build configuration list for PBXNativeTarget "PeResizeTests" */;
			buildPhases = (
				14B345291A907D560025F307 /* Sources */,
				14B3452A1A907D560025F307 /* Frameworks */,
				14B3452B1A907D560025F307 /* Resources */,
			);
			buildRules = (
			);
			dependencies = (
				14B3452F1A907D560025F307 /* PBXTargetDependency */,
			);
			name = PeResizeTests;
			productName = PeResizeTests;
			productReference = 14B3452D1A907D560025F307 /* PeResizeTests.xctest */;
			productType = "com.apple.product-type.bundle.unit-test";
		};
/* End PBXNativeTarget section */

/* Begin PBXProject section */
		14B345101A907D560025F307 /* Project object */ = {
			isa = PBXProject;
			attributes = {
				LastUpgradeCheck = 0610;
				ORGANIZATIONNAME = temoki;
				TargetAttributes = {
					1480CFB11AA9EF3800F6B051 = {
						CreatedOnToolsVersion = 6.1.1;
					};
					14B345171A907D560025F307 = {
						CreatedOnToolsVersion = 6.1.1;
					};
					14B3452C1A907D560025F307 = {
						CreatedOnToolsVersion = 6.1.1;
						TestTargetID = 14B345171A907D560025F307;
					};
				};
			};
			buildConfigurationList = 14B345131A907D560025F307 /* Build configuration list for PBXProject "PeResize" */;
			compatibilityVersion = "Xcode 3.2";
			developmentRegion = English;
			hasScannedForEncodings = 0;
			knownRegions = (
				en,
				Base,
			);
			mainGroup = 14B3450F1A907D560025F307;
			productRefGroup = 14B345191A907D560025F307 /* Products */;
			projectDirPath = "";
			projectRoot = "";
			targets = (
				14B345171A907D560025F307 /* PeResize */,
				14B3452C1A907D560025F307 /* PeResizeTests */,
				1480CFB11AA9EF3800F6B051 /* PeResizeExt */,
			);
		};
/* End PBXProject section */

/* Begin PBXResourcesBuildPhase section */
		1480CFB01AA9EF3800F6B051 /* Resources */ = {
			isa = PBXResourcesBuildPhase;
			buildActionMask = 2147483647;
			files = (
				1480CFBE1AA9EF3800F6B051 /* MainInterface.storyboard in Resources */,
			);
			runOnlyForDeploymentPostprocessing = 0;
		};
		14B345161A907D560025F307 /* Resources */ = {
			isa = PBXResourcesBuildPhase;
			buildActionMask = 2147483647;
			files = (
				14B345231A907D560025F307 /* Main.storyboard in Resources */,
				1413AB1E1AA8975C000EE7B1 /* icon-forDefault@2x.png in Resources */,
				14B345281A907D560025F307 /* LaunchScreen.xib in Resources */,
				1413AB1F1AA8975C000EE7B1 /* icon-forDefault@3x.png in Resources */,
				14B345251A907D560025F307 /* Images.xcassets in Resources */,
			);
			runOnlyForDeploymentPostprocessing = 0;
		};
		14B3452B1A907D560025F307 /* Resources */ = {
			isa = PBXResourcesBuildPhase;
			buildActionMask = 2147483647;
			files = (
			);
			runOnlyForDeploymentPostprocessing = 0;
		};
/* End PBXResourcesBuildPhase section */

/* Begin PBXSourcesBuildPhase section */
		1480CFAE1AA9EF3800F6B051 /* Sources */ = {
			isa = PBXSourcesBuildPhase;
			buildActionMask = 2147483647;
			files = (
				1480CFBC1AA9EF3800F6B051 /* PERPhotoEditingViewController.swift in Sources */,
			);
			runOnlyForDeploymentPostprocessing = 0;
		};
		14B345141A907D560025F307 /* Sources */ = {
			isa = PBXSourcesBuildPhase;
			buildActionMask = 2147483647;
			files = (
				14C1703D1AA748D8003A088F /* PERViewController.swift in Sources */,
				14C1703B1AA748D8003A088F /* PERIconView.swift in Sources */,
				14C1703C1AA748D8003A088F /* PERIconViewController.swift in Sources */,
				14B3451E1A907D560025F307 /* PERAppDelegate.swift in Sources */,
			);
			runOnlyForDeploymentPostprocessing = 0;
		};
		14B345291A907D560025F307 /* Sources */ = {
			isa = PBXSourcesBuildPhase;
			buildActionMask = 2147483647;
			files = (
				14B345341A907D560025F307 /* PeResizeTests.swift in Sources */,
			);
			runOnlyForDeploymentPostprocessing = 0;
		};
/* End PBXSourcesBuildPhase section */

/* Begin PBXTargetDependency section */
		1480CFC01AA9EF3800F6B051 /* PBXTargetDependency */ = {
			isa = PBXTargetDependency;
			target = 1480CFB11AA9EF3800F6B051 /* PeResizeExt */;
			targetProxy = 1480CFBF1AA9EF3800F6B051 /* PBXContainerItemProxy */;
		};
		14B3452F1A907D560025F307 /* PBXTargetDependency */ = {
			isa = PBXTargetDependency;
			target = 14B345171A907D560025F307 /* PeResize */;
			targetProxy = 14B3452E1A907D560025F307 /* PBXContainerItemProxy */;
		};
/* End PBXTargetDependency section */

/* Begin PBXVariantGroup section */
		14B345211A907D560025F307 /* Main.storyboard */ = {
			isa = PBXVariantGroup;
			children = (
				14B345221A907D560025F307 /* Base */,
			);
			name = Main.storyboard;
			sourceTree = "<group>";
		};
		14B345261A907D560025F307 /* LaunchScreen.xib */ = {
			isa = PBXVariantGroup;
			children = (
				14B345271A907D560025F307 /* Base */,
			);
			name = LaunchScreen.xib;
			sourceTree = "<group>";
		};
/* End PBXVariantGroup section */

/* Begin XCBuildConfiguration section */
		1480CFC21AA9EF3800F6B051 /* Debug */ = {
			isa = XCBuildConfiguration;
			buildSettings = {
				GCC_PREPROCESSOR_DEFINITIONS = (
					"DEBUG=1",
					"$(inherited)",
				);
				INFOPLIST_FILE = PeResizeExt/Info.plist;
				LD_RUNPATH_SEARCH_PATHS = "$(inherited) @executable_path/Frameworks @executable_path/../../Frameworks";
				PRODUCT_NAME = "$(TARGET_NAME)";
				SKIP_INSTALL = YES;
			};
			name = Debug;
		};
		1480CFC31AA9EF3800F6B051 /* Release */ = {
			isa = XCBuildConfiguration;
			buildSettings = {
				INFOPLIST_FILE = PeResizeExt/Info.plist;
				LD_RUNPATH_SEARCH_PATHS = "$(inherited) @executable_path/Frameworks @executable_path/../../Frameworks";
				PRODUCT_NAME = "$(TARGET_NAME)";
				SKIP_INSTALL = YES;
			};
			name = Release;
		};
		14B345351A907D560025F307 /* Debug */ = {
			isa = XCBuildConfiguration;
			buildSettings = {
				ALWAYS_SEARCH_USER_PATHS = NO;
				CLANG_CXX_LANGUAGE_STANDARD = "gnu++0x";
				CLANG_CXX_LIBRARY = "libc++";
				CLANG_ENABLE_MODULES = YES;
				CLANG_ENABLE_OBJC_ARC = YES;
				CLANG_WARN_BOOL_CONVERSION = YES;
				CLANG_WARN_CONSTANT_CONVERSION = YES;
				CLANG_WARN_DIRECT_OBJC_ISA_USAGE = YES_ERROR;
				CLANG_WARN_EMPTY_BODY = YES;
				CLANG_WARN_ENUM_CONVERSION = YES;
				CLANG_WARN_INT_CONVERSION = YES;
				CLANG_WARN_OBJC_ROOT_CLASS = YES_ERROR;
				CLANG_WARN_UNREACHABLE_CODE = YES;
				CLANG_WARN__DUPLICATE_METHOD_MATCH = YES;
				"CODE_SIGN_IDENTITY[sdk=iphoneos*]" = "iPhone Developer";
				COPY_PHASE_STRIP = NO;
				ENABLE_STRICT_OBJC_MSGSEND = YES;
				GCC_C_LANGUAGE_STANDARD = gnu99;
				GCC_DYNAMIC_NO_PIC = NO;
				GCC_OPTIMIZATION_LEVEL = 0;
				GCC_PREPROCESSOR_DEFINITIONS = (
					"DEBUG=1",
					"$(inherited)",
				);
				GCC_SYMBOLS_PRIVATE_EXTERN = NO;
				GCC_WARN_64_TO_32_BIT_CONVERSION = YES;
				GCC_WARN_ABOUT_RETURN_TYPE = YES_ERROR;
				GCC_WARN_UNDECLARED_SELECTOR = YES;
				GCC_WARN_UNINITIALIZED_AUTOS = YES_AGGRESSIVE;
				GCC_WARN_UNUSED_FUNCTION = YES;
				GCC_WARN_UNUSED_VARIABLE = YES;
				IPHONEOS_DEPLOYMENT_TARGET = 8.1;
				MTL_ENABLE_DEBUG_INFO = YES;
				ONLY_ACTIVE_ARCH = YES;
				SDKROOT = iphoneos;
				SWIFT_OPTIMIZATION_LEVEL = "-Onone";
			};
			name = Debug;
		};
		14B345361A907D560025F307 /* Release */ = {
			isa = XCBuildConfiguration;
			buildSettings = {
				ALWAYS_SEARCH_USER_PATHS = NO;
				CLANG_CXX_LANGUAGE_STANDARD = "gnu++0x";
				CLANG_CXX_LIBRARY = "libc++";
				CLANG_ENABLE_MODULES = YES;
				CLANG_ENABLE_OBJC_ARC = YES;
				CLANG_WARN_BOOL_CONVERSION = YES;
				CLANG_WARN_CONSTANT_CONVERSION = YES;
				CLANG_WARN_DIRECT_OBJC_ISA_USAGE = YES_ERROR;
				CLANG_WARN_EMPTY_BODY = YES;
				CLANG_WARN_ENUM_CONVERSION = YES;
				CLANG_WARN_INT_CONVERSION = YES;
				CLANG_WARN_OBJC_ROOT_CLASS = YES_ERROR;
				CLANG_WARN_UNREACHABLE_CODE = YES;
				CLANG_WARN__DUPLICATE_METHOD_MATCH = YES;
				"CODE_SIGN_IDENTITY[sdk=iphoneos*]" = "iPhone Developer";
				COPY_PHASE_STRIP = YES;
				ENABLE_NS_ASSERTIONS = NO;
				ENABLE_STRICT_OBJC_MSGSEND = YES;
				GCC_C_LANGUAGE_STANDARD = gnu99;
				GCC_WARN_64_TO_32_BIT_CONVERSION = YES;
				GCC_WARN_ABOUT_RETURN_TYPE = YES_ERROR;
				GCC_WARN_UNDECLARED_SELECTOR = YES;
				GCC_WARN_UNINITIALIZED_AUTOS = YES_AGGRESSIVE;
				GCC_WARN_UNUSED_FUNCTION = YES;
				GCC_WARN_UNUSED_VARIABLE = YES;
				IPHONEOS_DEPLOYMENT_TARGET = 8.1;
				MTL_ENABLE_DEBUG_INFO = NO;
				SDKROOT = iphoneos;
				VALIDATE_PRODUCT = YES;
			};
			name = Release;
		};
		14B345381A907D560025F307 /* Debug */ = {
			isa = XCBuildConfiguration;
			buildSettings = {
				ASSETCATALOG_COMPILER_APPICON_NAME = AppIcon;
				EMBEDDED_CONTENT_CONTAINS_SWIFT = YES;
				INFOPLIST_FILE = PeResize/Info.plist;
				IPHONEOS_DEPLOYMENT_TARGET = 8.0;
				LD_RUNPATH_SEARCH_PATHS = "$(inherited) @executable_path/Frameworks";
				PRODUCT_NAME = "$(TARGET_NAME)";
			};
			name = Debug;
		};
		14B345391A907D560025F307 /* Release */ = {
			isa = XCBuildConfiguration;
			buildSettings = {
				ASSETCATALOG_COMPILER_APPICON_NAME = AppIcon;
				EMBEDDED_CONTENT_CONTAINS_SWIFT = YES;
				INFOPLIST_FILE = PeResize/Info.plist;
				IPHONEOS_DEPLOYMENT_TARGET = 8.0;
				LD_RUNPATH_SEARCH_PATHS = "$(inherited) @executable_path/Frameworks";
				PRODUCT_NAME = "$(TARGET_NAME)";
			};
			name = Release;
		};
		14B3453B1A907D560025F307 /* Debug */ = {
			isa = XCBuildConfiguration;
			buildSettings = {
				BUNDLE_LOADER = "$(TEST_HOST)";
				FRAMEWORK_SEARCH_PATHS = (
					"$(SDKROOT)/Developer/Library/Frameworks",
					"$(inherited)",
				);
				GCC_PREPROCESSOR_DEFINITIONS = (
					"DEBUG=1",
					"$(inherited)",
				);
				INFOPLIST_FILE = PeResizeTests/Info.plist;
				LD_RUNPATH_SEARCH_PATHS = "$(inherited) @executable_path/Frameworks @loader_path/Frameworks";
				PRODUCT_NAME = "$(TARGET_NAME)";
				TEST_HOST = "$(BUILT_PRODUCTS_DIR)/PeResize.app/PeResize";
			};
			name = Debug;
		};
		14B3453C1A907D560025F307 /* Release */ = {
			isa = XCBuildConfiguration;
			buildSettings = {
				BUNDLE_LOADER = "$(TEST_HOST)";
				FRAMEWORK_SEARCH_PATHS = (
					"$(SDKROOT)/Developer/Library/Frameworks",
					"$(inherited)",
				);
				INFOPLIST_FILE = PeResizeTests/Info.plist;
				LD_RUNPATH_SEARCH_PATHS = "$(inherited) @executable_path/Frameworks @loader_path/Frameworks";
				PRODUCT_NAME = "$(TARGET_NAME)";
				TEST_HOST = "$(BUILT_PRODUCTS_DIR)/PeResize.app/PeResize";
			};
			name = Release;
		};
/* End XCBuildConfiguration section */

/* Begin XCConfigurationList section */
		1480CFC41AA9EF3800F6B051 /* Build configuration list for PBXNativeTarget "PeResizeExt" */ = {
			isa = XCConfigurationList;
			buildConfigurations = (
				1480CFC21AA9EF3800F6B051 /* Debug */,
				1480CFC31AA9EF3800F6B051 /* Release */,
			);
			defaultConfigurationIsVisible = 0;
		};
		14B345131A907D560025F307 /* Build configuration list for PBXProject "PeResize" */ = {
			isa = XCConfigurationList;
			buildConfigurations = (
				14B345351A907D560025F307 /* Debug */,
				14B345361A907D560025F307 /* Release */,
			);
			defaultConfigurationIsVisible = 0;
			defaultConfigurationName = Release;
		};
		14B345371A907D560025F307 /* Build configuration list for PBXNativeTarget "PeResize" */ = {
			isa = XCConfigurationList;
			buildConfigurations = (
				14B345381A907D560025F307 /* Debug */,
				14B345391A907D560025F307 /* Release */,
			);
			defaultConfigurationIsVisible = 0;
			defaultConfigurationName = Release;
		};
		14B3453A1A907D560025F307 /* Build configuration list for PBXNativeTarget "PeResizeTests" */ = {
			isa = XCConfigurationList;
			buildConfigurations = (
				14B3453B1A907D560025F307 /* Debug */,
				14B3453C1A907D560025F307 /* Release */,
			);
			defaultConfigurationIsVisible = 0;
			defaultConfigurationName = Release;
		};
/* End XCConfigurationList section */
	};
	rootObject = 14B345101A907D560025F307 /* Project object */;
}
